# THIS IS AN AUTOGENERATED FILE. DO NOT EDIT THIS FILE DIRECTLY.
# yarn lockfile v1


asn1@~0.2.0:
  version "0.2.3"
  resolved "https://registry.yarnpkg.com/asn1/-/asn1-0.2.3.tgz#dac8787713c9966849fc8180777ebe9c1ddf3b86"

bcrypt-pbkdf@^1.0.2:
  version "1.0.2"
  resolved "https://registry.yarnpkg.com/bcrypt-pbkdf/-/bcrypt-pbkdf-1.0.2.tgz#a4301d389b6a43f9b67ff3ca11a3f6637e360e9e"
  integrity sha1-pDAdOJtqQ/m2f/PKEaP2Y342Dp4=
  dependencies:
    tweetnacl "^0.14.3"

fs@^0.0.2:
  version "0.0.2"
  resolved "https://registry.yarnpkg.com/fs/-/fs-0.0.2.tgz#e1f244ef3933c1b2a64bd4799136060d0f5914f8"

greenkeeper-lockfile@^1.6.0:
  version "1.6.0"
  resolved "https://registry.yarnpkg.com/greenkeeper-lockfile/-/greenkeeper-lockfile-1.6.0.tgz#cab01d7ad9795823aa13269ae423246b4598c7af"
  dependencies:
    lodash "^4.17.4"
    require-relative "^0.8.7"
    semver "^5.3.0"

lodash@^4.17.4:
  version "4.17.4"
  resolved "https://registry.yarnpkg.com/lodash/-/lodash-4.17.4.tgz#78203a4d1c328ae1d86dca6460e369b57f4055ae"

require-relative@^0.8.7:
  version "0.8.7"
  resolved "https://registry.yarnpkg.com/require-relative/-/require-relative-0.8.7.tgz#7999539fc9e047a37928fa196f8e1563dabd36de"

semver@^5.3.0:
  version "5.3.0"
  resolved "https://registry.yarnpkg.com/semver/-/semver-5.3.0.tgz#9b2ce5d3de02d17c6012ad326aa6b4d0cf54f94f"

ssh2-streams@~0.4.1:
  version "0.4.1"
  resolved "https://registry.yarnpkg.com/ssh2-streams/-/ssh2-streams-0.4.1.tgz#8f165c5f229fc46081b21010ff04bd69c57e2f1a"
  integrity sha512-RG+luPQAJIZjwT7ZzL6tIorgpHTSAXHc5wpgdLjrrcLEgV9tUpH+g8DYa3MiKPSnYn+miMbyXZb7t/T83C6P7g==
  dependencies:
    asn1 "~0.2.0"
    bcrypt-pbkdf "^1.0.2"
    streamsearch "~0.1.2"

ssh2@^0.8.1:
  version "0.8.1"
  resolved "https://registry.yarnpkg.com/ssh2/-/ssh2-0.8.1.tgz#c54cc5724285693a6dae1a0dc12a0dcfe1cd0086"
  integrity sha512-8lench+wNgZjJnAdP1oU+X2WtHsn6jLy+p5Z4WK7GbaXo1A85MbNSNUV++LeecXXy4K68utkS4NHwr8E+As+NQ==
  dependencies:
    ssh2-streams "~0.4.1"

streamsearch@~0.1.2:
  version "0.1.2"
  resolved "https://registry.yarnpkg.com/streamsearch/-/streamsearch-0.1.2.tgz#808b9d0e56fc273d809ba57338e929919a1a9f1a"

tweetnacl@^0.14.3:
  version "0.14.5"
  resolved "https://registry.yarnpkg.com/tweetnacl/-/tweetnacl-0.14.5.tgz#5ae68177f192d4456269d108afa93ff8743f4f64"
  integrity sha1-WuaBd/GS1EViadEIr6k/+HQ/T2Q=
